
Microsoft Visual Studio Solution File, Format Version 12.00
Project("{2150E333-8FDC-42A3-9474-1A3956D46DE8}") = "EasyLevel", "EasyLevel", "{8C903ED8-B175-448D-8C91-EA1BE9ECAD6B}"
EndProject
Project("{FAE04EC0-301F-11D3-BF4B-00C04F79EFBC}") = "PalindromeNumber", "PalindromeNumber\PalindromeNumber.csproj", "{B97F0542-9EA4-49A6-AD96-C8D87A866942}"
EndProject
Project("{FAE04EC0-301F-11D3-BF4B-00C04F79EFBC}") = "TwoSum", "TwoSum\TwoSum.csproj", "{4FC95068-9521-4380-8E43-7B85C5D50948}"
EndProject
Project("{FAE04EC0-301F-11D3-BF4B-00C04F79EFBC}") = "ValidParentheses", "ValidParentheses\ValidParentheses.csproj", "{B7DE1A40-386F-4411-8316-038CB8278C20}"
EndProject
Project("{FAE04EC0-301F-11D3-BF4B-00C04F79EFBC}") = "RemoveElementEx", "RemoveElementEx\RemoveElementEx.csproj", "{5575DF33-FF95-41C8-B066-44366C9F6D58}"
EndProject
Project("{FAE04EC0-301F-11D3-BF4B-00C04F79EFBC}") = "FindTheIndexOfTheFirstOccurrenceInAStringEx", "FindTheIndexOfTheFirstOccurrenceInAStringEx\FindTheIndexOfTheFirstOccurrenceInAStringEx.csproj", "{21A9C530-90AB-43BF-9160-C8FC97175DA8}"
EndProject
Project("{FAE04EC0-301F-11D3-BF4B-00C04F79EFBC}") = "SearchInsertPosition", "SearchInsertPosition\SearchInsertPosition.csproj", "{75E74438-DC3C-4597-85D0-7C7EC660D3A8}"
EndProject
Project("{FAE04EC0-301F-11D3-BF4B-00C04F79EFBC}") = "MajorityElement", "MajorityElement\MajorityElement.csproj", "{B995EBDB-1A27-4EE6-A880-F9DB475EB3AF}"
EndProject
Project("{FAE04EC0-301F-11D3-BF4B-00C04F79EFBC}") = "PlusOneEx", "PlusOneEx\PlusOneEx.csproj", "{581DD3FD-C035-482F-B127-BEAC29C14206}"
EndProject
Project("{FAE04EC0-301F-11D3-BF4B-00C04F79EFBC}") = "LengthOfLastWord", "LengthOfLastWord\LengthOfLastWord.csproj", "{A12922C4-3777-42D2-8E94-19319D0A357F}"
EndProject
Project("{FAE04EC0-301F-11D3-BF4B-00C04F79EFBC}") = "JumpGame", "JumpGame\JumpGame.csproj", "{507DD3CA-ECF1-4260-9D29-F40D36D4A889}"
EndProject
Global
	GlobalSection(SolutionConfigurationPlatforms) = preSolution
		Debug|Any CPU = Debug|Any CPU
		Release|Any CPU = Release|Any CPU
	EndGlobalSection
	GlobalSection(ProjectConfigurationPlatforms) = postSolution
		{B97F0542-9EA4-49A6-AD96-C8D87A866942}.Debug|Any CPU.ActiveCfg = Debug|Any CPU
		{B97F0542-9EA4-49A6-AD96-C8D87A866942}.Debug|Any CPU.Build.0 = Debug|Any CPU
		{B97F0542-9EA4-49A6-AD96-C8D87A866942}.Release|Any CPU.ActiveCfg = Release|Any CPU
		{B97F0542-9EA4-49A6-AD96-C8D87A866942}.Release|Any CPU.Build.0 = Release|Any CPU
		{4FC95068-9521-4380-8E43-7B85C5D50948}.Debug|Any CPU.ActiveCfg = Debug|Any CPU
		{4FC95068-9521-4380-8E43-7B85C5D50948}.Debug|Any CPU.Build.0 = Debug|Any CPU
		{4FC95068-9521-4380-8E43-7B85C5D50948}.Release|Any CPU.ActiveCfg = Release|Any CPU
		{4FC95068-9521-4380-8E43-7B85C5D50948}.Release|Any CPU.Build.0 = Release|Any CPU
		{B7DE1A40-386F-4411-8316-038CB8278C20}.Debug|Any CPU.ActiveCfg = Debug|Any CPU
		{B7DE1A40-386F-4411-8316-038CB8278C20}.Debug|Any CPU.Build.0 = Debug|Any CPU
		{B7DE1A40-386F-4411-8316-038CB8278C20}.Release|Any CPU.ActiveCfg = Release|Any CPU
		{B7DE1A40-386F-4411-8316-038CB8278C20}.Release|Any CPU.Build.0 = Release|Any CPU
		{5575DF33-FF95-41C8-B066-44366C9F6D58}.Debug|Any CPU.ActiveCfg = Debug|Any CPU
		{5575DF33-FF95-41C8-B066-44366C9F6D58}.Debug|Any CPU.Build.0 = Debug|Any CPU
		{5575DF33-FF95-41C8-B066-44366C9F6D58}.Release|Any CPU.ActiveCfg = Release|Any CPU
		{5575DF33-FF95-41C8-B066-44366C9F6D58}.Release|Any CPU.Build.0 = Release|Any CPU
		{21A9C530-90AB-43BF-9160-C8FC97175DA8}.Debug|Any CPU.ActiveCfg = Debug|Any CPU
		{21A9C530-90AB-43BF-9160-C8FC97175DA8}.Debug|Any CPU.Build.0 = Debug|Any CPU
		{21A9C530-90AB-43BF-9160-C8FC97175DA8}.Release|Any CPU.ActiveCfg = Release|Any CPU
		{21A9C530-90AB-43BF-9160-C8FC97175DA8}.Release|Any CPU.Build.0 = Release|Any CPU
		{75E74438-DC3C-4597-85D0-7C7EC660D3A8}.Debug|Any CPU.ActiveCfg = Debug|Any CPU
		{75E74438-DC3C-4597-85D0-7C7EC660D3A8}.Debug|Any CPU.Build.0 = Debug|Any CPU
		{75E74438-DC3C-4597-85D0-7C7EC660D3A8}.Release|Any CPU.ActiveCfg = Release|Any CPU
		{75E74438-DC3C-4597-85D0-7C7EC660D3A8}.Release|Any CPU.Build.0 = Release|Any CPU
		{B995EBDB-1A27-4EE6-A880-F9DB475EB3AF}.Debug|Any CPU.ActiveCfg = Debug|Any CPU
		{B995EBDB-1A27-4EE6-A880-F9DB475EB3AF}.Debug|Any CPU.Build.0 = Debug|Any CPU
		{B995EBDB-1A27-4EE6-A880-F9DB475EB3AF}.Release|Any CPU.ActiveCfg = Release|Any CPU
		{B995EBDB-1A27-4EE6-A880-F9DB475EB3AF}.Release|Any CPU.Build.0 = Release|Any CPU
		{581DD3FD-C035-482F-B127-BEAC29C14206}.Debug|Any CPU.ActiveCfg = Debug|Any CPU
		{581DD3FD-C035-482F-B127-BEAC29C14206}.Debug|Any CPU.Build.0 = Debug|Any CPU
		{581DD3FD-C035-482F-B127-BEAC29C14206}.Release|Any CPU.ActiveCfg = Release|Any CPU
		{581DD3FD-C035-482F-B127-BEAC29C14206}.Release|Any CPU.Build.0 = Release|Any CPU
		{A12922C4-3777-42D2-8E94-19319D0A357F}.Debug|Any CPU.ActiveCfg = Debug|Any CPU
		{A12922C4-3777-42D2-8E94-19319D0A357F}.Debug|Any CPU.Build.0 = Debug|Any CPU
		{A12922C4-3777-42D2-8E94-19319D0A357F}.Release|Any CPU.ActiveCfg = Release|Any CPU
		{A12922C4-3777-42D2-8E94-19319D0A357F}.Release|Any CPU.Build.0 = Release|Any CPU
		{507DD3CA-ECF1-4260-9D29-F40D36D4A889}.Debug|Any CPU.ActiveCfg = Debug|Any CPU
		{507DD3CA-ECF1-4260-9D29-F40D36D4A889}.Debug|Any CPU.Build.0 = Debug|Any CPU
		{507DD3CA-ECF1-4260-9D29-F40D36D4A889}.Release|Any CPU.ActiveCfg = Release|Any CPU
		{507DD3CA-ECF1-4260-9D29-F40D36D4A889}.Release|Any CPU.Build.0 = Release|Any CPU
	EndGlobalSection
	GlobalSection(NestedProjects) = preSolution
		{B97F0542-9EA4-49A6-AD96-C8D87A866942} = {8C903ED8-B175-448D-8C91-EA1BE9ECAD6B}
		{4FC95068-9521-4380-8E43-7B85C5D50948} = {8C903ED8-B175-448D-8C91-EA1BE9ECAD6B}
		{B7DE1A40-386F-4411-8316-038CB8278C20} = {8C903ED8-B175-448D-8C91-EA1BE9ECAD6B}
		{5575DF33-FF95-41C8-B066-44366C9F6D58} = {8C903ED8-B175-448D-8C91-EA1BE9ECAD6B}
		{21A9C530-90AB-43BF-9160-C8FC97175DA8} = {8C903ED8-B175-448D-8C91-EA1BE9ECAD6B}
		{75E74438-DC3C-4597-85D0-7C7EC660D3A8} = {8C903ED8-B175-448D-8C91-EA1BE9ECAD6B}
		{B995EBDB-1A27-4EE6-A880-F9DB475EB3AF} = {8C903ED8-B175-448D-8C91-EA1BE9ECAD6B}
		{581DD3FD-C035-482F-B127-BEAC29C14206} = {8C903ED8-B175-448D-8C91-EA1BE9ECAD6B}
		{A12922C4-3777-42D2-8E94-19319D0A357F} = {8C903ED8-B175-448D-8C91-EA1BE9ECAD6B}
		{507DD3CA-ECF1-4260-9D29-F40D36D4A889} = {8C903ED8-B175-448D-8C91-EA1BE9ECAD6B}
	EndGlobalSection
EndGlobal
